// !$*UTF8*$!
{
	archiveVersion = 1;
	classes = {
	};
	objectVersion = 46;
	objects = {

/* Begin PBXBuildFile section */
		B415C8191CB1675D00088FA8 /* APIManager.swift in Sources */ = {isa = PBXBuildFile; fileRef = B415C8181CB1675D00088FA8 /* APIManager.swift */; };
		B415C81C1CB17F9E00088FA8 /* Constants.swift in Sources */ = {isa = PBXBuildFile; fileRef = B415C81B1CB17F9E00088FA8 /* Constants.swift */; };
		B415C8271CB1B42600088FA8 /* Reachability.m in Sources */ = {isa = PBXBuildFile; fileRef = B415C8261CB1B42600088FA8 /* Reachability.m */; };
		B441B7BB1CB9139E00A8F957 /* Articles.swift in Sources */ = {isa = PBXBuildFile; fileRef = B441B7BA1CB9139E00A8F957 /* Articles.swift */; };
		B44317871CB4428F0050F3B3 /* ArticlesTVC.swift in Sources */ = {isa = PBXBuildFile; fileRef = B44317861CB4428F0050F3B3 /* ArticlesTVC.swift */; };
		B44317891CB461CF0050F3B3 /* ArticleCTVC.swift in Sources */ = {isa = PBXBuildFile; fileRef = B44317881CB461CF0050F3B3 /* ArticleCTVC.swift */; };
		B451A64D1CAEBE3E00A37992 /* AppDelegate.swift in Sources */ = {isa = PBXBuildFile; fileRef = B451A64C1CAEBE3E00A37992 /* AppDelegate.swift */; };
		B451A64F1CAEBE3E00A37992 /* ViewController.swift in Sources */ = {isa = PBXBuildFile; fileRef = B451A64E1CAEBE3E00A37992 /* ViewController.swift */; };
		B451A6521CAEBE3E00A37992 /* Main.storyboard in Resources */ = {isa = PBXBuildFile; fileRef = B451A6501CAEBE3E00A37992 /* Main.storyboard */; };
		B451A6541CAEBE3E00A37992 /* Assets.xcassets in Resources */ = {isa = PBXBuildFile; fileRef = B451A6531CAEBE3E00A37992 /* Assets.xcassets */; };
		B451A6571CAEBE3E00A37992 /* LaunchScreen.storyboard in Resources */ = {isa = PBXBuildFile; fileRef = B451A6551CAEBE3E00A37992 /* LaunchScreen.storyboard */; };
		B48094E51CBAB70300037B94 /* ArticleDetailsViewController.swift in Sources */ = {isa = PBXBuildFile; fileRef = B48094E41CBAB70300037B94 /* ArticleDetailsViewController.swift */; };
		B48094E71CBACEE700037B94 /* Kanna.framework in Frameworks */ = {isa = PBXBuildFile; fileRef = B48094E61CBACEE700037B94 /* Kanna.framework */; };
		B48094E81CBACEE700037B94 /* Kanna.framework in Embed Frameworks */ = {isa = PBXBuildFile; fileRef = B48094E61CBACEE700037B94 /* Kanna.framework */; settings = {ATTRIBUTES = (CodeSignOnCopy, RemoveHeadersOnCopy, ); }; };
		B48094EA1CBACEF500037B94 /* Pods_REST_apple.framework in Frameworks */ = {isa = PBXBuildFile; fileRef = 1E7D7B276C1B553F22A8490D /* Pods_REST_apple.framework */; };
		B48094EB1CBACEF500037B94 /* Pods_REST_apple.framework in Embed Frameworks */ = {isa = PBXBuildFile; fileRef = 1E7D7B276C1B553F22A8490D /* Pods_REST_apple.framework */; settings = {ATTRIBUTES = (CodeSignOnCopy, RemoveHeadersOnCopy, ); }; };
/* End PBXBuildFile section */

/* Begin PBXCopyFilesBuildPhase section */
		B48094E91CBACEE700037B94 /* Embed Frameworks */ = {
			isa = PBXCopyFilesBuildPhase;
			buildActionMask = 2147483647;
			dstPath = "";
			dstSubfolderSpec = 10;
			files = (
				B48094E81CBACEE700037B94 /* Kanna.framework in Embed Frameworks */,
				B48094EB1CBACEF500037B94 /* Pods_REST_apple.framework in Embed Frameworks */,
			);
			name = "Embed Frameworks";
			runOnlyForDeploymentPostprocessing = 0;
		};
/* End PBXCopyFilesBuildPhase section */

/* Begin PBXFileReference section */
		1E7D7B276C1B553F22A8490D /* Pods_REST_apple.framework */ = {isa = PBXFileReference; explicitFileType = wrapper.framework; includeInIndex = 0; path = Pods_REST_apple.framework; sourceTree = BUILT_PRODUCTS_DIR; };
		404F458EF006C8F03B3E0341 /* Pods-REST apple.release.xcconfig */ = {isa = PBXFileReference; includeInIndex = 1; lastKnownFileType = text.xcconfig; name = "Pods-REST apple.release.xcconfig"; path = "Pods/Target Support Files/Pods-REST apple/Pods-REST apple.release.xcconfig"; sourceTree = "<group>"; };
		693DF99A9F9C436DDBEBDF82 /* Pods-REST apple.debug.xcconfig */ = {isa = PBXFileReference; includeInIndex = 1; lastKnownFileType = text.xcconfig; name = "Pods-REST apple.debug.xcconfig"; path = "Pods/Target Support Files/Pods-REST apple/Pods-REST apple.debug.xcconfig"; sourceTree = "<group>"; };
		B415C8181CB1675D00088FA8 /* APIManager.swift */ = {isa = PBXFileReference; fileEncoding = 4; lastKnownFileType = sourcecode.swift; path = APIManager.swift; sourceTree = "<group>"; };
		B415C81B1CB17F9E00088FA8 /* Constants.swift */ = {isa = PBXFileReference; fileEncoding = 4; lastKnownFileType = sourcecode.swift; path = Constants.swift; sourceTree = "<group>"; };
		B415C8211CB1A90500088FA8 /* REST apple-Bridging-Header.h */ = {isa = PBXFileReference; lastKnownFileType = sourcecode.c.h; path = "REST apple-Bridging-Header.h"; sourceTree = "<group>"; };
		B415C8221CB1A90500088FA8 /* Reachability.h */ = {isa = PBXFileReference; fileEncoding = 4; lastKnownFileType = sourcecode.c.h; path = Reachability.h; sourceTree = "<group>"; };
		B415C8261CB1B42600088FA8 /* Reachability.m */ = {isa = PBXFileReference; fileEncoding = 4; lastKnownFileType = sourcecode.c.objc; path = Reachability.m; sourceTree = "<group>"; };
		B441B7BA1CB9139E00A8F957 /* Articles.swift */ = {isa = PBXFileReference; fileEncoding = 4; lastKnownFileType = sourcecode.swift; path = Articles.swift; sourceTree = "<group>"; };
		B44317861CB4428F0050F3B3 /* ArticlesTVC.swift */ = {isa = PBXFileReference; fileEncoding = 4; lastKnownFileType = sourcecode.swift; path = ArticlesTVC.swift; sourceTree = "<group>"; };
		B44317881CB461CF0050F3B3 /* ArticleCTVC.swift */ = {isa = PBXFileReference; fileEncoding = 4; lastKnownFileType = sourcecode.swift; path = ArticleCTVC.swift; sourceTree = "<group>"; };
		B451A6491CAEBE3E00A37992 /* REST apple.app */ = {isa = PBXFileReference; explicitFileType = wrapper.application; includeInIndex = 0; path = "REST apple.app"; sourceTree = BUILT_PRODUCTS_DIR; };
		B451A64C1CAEBE3E00A37992 /* AppDelegate.swift */ = {isa = PBXFileReference; lastKnownFileType = sourcecode.swift; path = AppDelegate.swift; sourceTree = "<group>"; };
		B451A64E1CAEBE3E00A37992 /* ViewController.swift */ = {isa = PBXFileReference; lastKnownFileType = sourcecode.swift; path = ViewController.swift; sourceTree = "<group>"; };
		B451A6511CAEBE3E00A37992 /* Base */ = {isa = PBXFileReference; lastKnownFileType = file.storyboard; name = Base; path = Base.lproj/Main.storyboard; sourceTree = "<group>"; };
		B451A6531CAEBE3E00A37992 /* Assets.xcassets */ = {isa = PBXFileReference; lastKnownFileType = folder.assetcatalog; path = Assets.xcassets; sourceTree = "<group>"; };
		B451A6561CAEBE3E00A37992 /* Base */ = {isa = PBXFileReference; lastKnownFileType = file.storyboard; name = Base; path = Base.lproj/LaunchScreen.storyboard; sourceTree = "<group>"; };
		B451A6581CAEBE3E00A37992 /* Info.plist */ = {isa = PBXFileReference; lastKnownFileType = text.plist.xml; path = Info.plist; sourceTree = "<group>"; };
		B48094E41CBAB70300037B94 /* ArticleDetailsViewController.swift */ = {isa = PBXFileReference; fileEncoding = 4; lastKnownFileType = sourcecode.swift; path = ArticleDetailsViewController.swift; sourceTree = "<group>"; };
		B48094E61CBACEE700037B94 /* Kanna.framework */ = {isa = PBXFileReference; explicitFileType = wrapper.framework; name = Kanna.framework; path = "/Users/abdulrhman/Library/Developer/Xcode/DerivedData/REST_apple-bzjquelrdiljamcgjyijwqrfrrtr/Build/Products/Debug-iphonesimulator/Kanna.framework"; sourceTree = "<absolute>"; };
/* End PBXFileReference section */

/* Begin PBXFrameworksBuildPhase section */
		B451A6461CAEBE3E00A37992 /* Frameworks */ = {
			isa = PBXFrameworksBuildPhase;
			buildActionMask = 2147483647;
			files = (
				B48094E71CBACEE700037B94 /* Kanna.framework in Frameworks */,
				B48094EA1CBACEF500037B94 /* Pods_REST_apple.framework in Frameworks */,
			);
			runOnlyForDeploymentPostprocessing = 0;
		};
/* End PBXFrameworksBuildPhase section */

/* Begin PBXGroup section */
		87742EC8A0F31CF319D48F40 /* Pods */ = {
			isa = PBXGroup;
			children = (
				693DF99A9F9C436DDBEBDF82 /* Pods-REST apple.debug.xcconfig */,
				404F458EF006C8F03B3E0341 /* Pods-REST apple.release.xcconfig */,
			);
			name = Pods;
			sourceTree = "<group>";
		};
		B415C8141CB163C700088FA8 /* Model */ = {
			isa = PBXGroup;
			children = (
				B415C8181CB1675D00088FA8 /* APIManager.swift */,
				B441B7BA1CB9139E00A8F957 /* Articles.swift */,
			);
			name = Model;
			sourceTree = "<group>";
		};
		B415C8151CB163CE00088FA8 /* Controller */ = {
			isa = PBXGroup;
			children = (
				B48094E41CBAB70300037B94 /* ArticleDetailsViewController.swift */,
				B44317881CB461CF0050F3B3 /* ArticleCTVC.swift */,
				B44317861CB4428F0050F3B3 /* ArticlesTVC.swift */,
				B451A64E1CAEBE3E00A37992 /* ViewController.swift */,
			);
			name = Controller;
			sourceTree = "<group>";
		};
		B415C8161CB163D500088FA8 /* Views */ = {
			isa = PBXGroup;
			children = (
				B451A6501CAEBE3E00A37992 /* Main.storyboard */,
				B451A6551CAEBE3E00A37992 /* LaunchScreen.storyboard */,
			);
			name = Views;
			sourceTree = "<group>";
		};
		B415C8171CB163F100088FA8 /* Supporting Files */ = {
			isa = PBXGroup;
			children = (
				B451A64C1CAEBE3E00A37992 /* AppDelegate.swift */,
				B451A6531CAEBE3E00A37992 /* Assets.xcassets */,
				B451A6581CAEBE3E00A37992 /* Info.plist */,
			);
			name = "Supporting Files";
			sourceTree = "<group>";
		};
		B415C81A1CB17F8A00088FA8 /* Utils */ = {
			isa = PBXGroup;
			children = (
				B415C81B1CB17F9E00088FA8 /* Constants.swift */,
			);
			name = Utils;
			sourceTree = "<group>";
		};
		B415C8251CB1A92800088FA8 /* Obj-C */ = {
			isa = PBXGroup;
			children = (
				B415C8221CB1A90500088FA8 /* Reachability.h */,
				B415C8261CB1B42600088FA8 /* Reachability.m */,
				B415C8211CB1A90500088FA8 /* REST apple-Bridging-Header.h */,
			);
			name = "Obj-C";
			sourceTree = "<group>";
		};
		B451A6401CAEBE3D00A37992 = {
			isa = PBXGroup;
			children = (
				B48094E61CBACEE700037B94 /* Kanna.framework */,
				B451A64B1CAEBE3E00A37992 /* REST apple */,
				B451A64A1CAEBE3E00A37992 /* Products */,
				87742EC8A0F31CF319D48F40 /* Pods */,
				D22D1179764F8A3340820BAA /* Frameworks */,
			);
			sourceTree = "<group>";
		};
		B451A64A1CAEBE3E00A37992 /* Products */ = {
			isa = PBXGroup;
			children = (
				B451A6491CAEBE3E00A37992 /* REST apple.app */,
			);
			name = Products;
			sourceTree = "<group>";
		};
		B451A64B1CAEBE3E00A37992 /* REST apple */ = {
			isa = PBXGroup;
			children = (
				B415C8251CB1A92800088FA8 /* Obj-C */,
				B415C81A1CB17F8A00088FA8 /* Utils */,
				B415C8171CB163F100088FA8 /* Supporting Files */,
				B415C8161CB163D500088FA8 /* Views */,
				B415C8151CB163CE00088FA8 /* Controller */,
				B415C8141CB163C700088FA8 /* Model */,
			);
			path = "REST apple";
			sourceTree = "<group>";
		};
		D22D1179764F8A3340820BAA /* Frameworks */ = {
			isa = PBXGroup;
			children = (
				1E7D7B276C1B553F22A8490D /* Pods_REST_apple.framework */,
			);
			name = Frameworks;
			sourceTree = "<group>";
		};
/* End PBXGroup section */

/* Begin PBXNativeTarget section */
		B451A6481CAEBE3E00A37992 /* REST apple */ = {
			isa = PBXNativeTarget;
			buildConfigurationList = B451A65B1CAEBE3E00A37992 /* Build configuration list for PBXNativeTarget "REST apple" */;
			buildPhases = (
				4377935AF9F2B417CE722D25 /* Check Pods Manifest.lock */,
				B451A6451CAEBE3E00A37992 /* Sources */,
				B451A6461CAEBE3E00A37992 /* Frameworks */,
				B451A6471CAEBE3E00A37992 /* Resources */,
				CCE5FA112752C9E0203E21FB /* Embed Pods Frameworks */,
				5ED2BB650A72C6252E5CB33B /* Copy Pods Resources */,
				B48094E91CBACEE700037B94 /* Embed Frameworks */,
			);
			buildRules = (
			);
			dependencies = (
			);
			name = "REST apple";
			productName = "REST apple";
			productReference = B451A6491CAEBE3E00A37992 /* REST apple.app */;
			productType = "com.apple.product-type.application";
		};
/* End PBXNativeTarget section */

/* Begin PBXProject section */
		B451A6411CAEBE3E00A37992 /* Project object */ = {
			isa = PBXProject;
			attributes = {
				LastSwiftUpdateCheck = 0730;
				LastUpgradeCheck = 0730;
				ORGANIZATIONNAME = "Abdulrhman  eaita";
				TargetAttributes = {
					B451A6481CAEBE3E00A37992 = {
						CreatedOnToolsVersion = 7.3;
						DevelopmentTeam = 85R85ZNGEX;
					};
				};
			};
			buildConfigurationList = B451A6441CAEBE3E00A37992 /* Build configuration list for PBXProject "REST apple" */;
			compatibilityVersion = "Xcode 3.2";
			developmentRegion = English;
			hasScannedForEncodings = 0;
			knownRegions = (
				en,
				Base,
			);
			mainGroup = B451A6401CAEBE3D00A37992;
			productRefGroup = B451A64A1CAEBE3E00A37992 /* Products */;
			projectDirPath = "";
			projectRoot = "";
			targets = (
				B451A6481CAEBE3E00A37992 /* REST apple */,
			);
		};
/* End PBXProject section */

/* Begin PBXResourcesBuildPhase section */
		B451A6471CAEBE3E00A37992 /* Resources */ = {
			isa = PBXResourcesBuildPhase;
			buildActionMask = 2147483647;
			files = (
				B451A6571CAEBE3E00A37992 /* LaunchScreen.storyboard in Resources */,
				B451A6541CAEBE3E00A37992 /* Assets.xcassets in Resources */,
				B451A6521CAEBE3E00A37992 /* Main.storyboard in Resources */,
			);
			runOnlyForDeploymentPostprocessing = 0;
		};
/* End PBXResourcesBuildPhase section */

/* Begin PBXShellScriptBuildPhase section */
		4377935AF9F2B417CE722D25 /* Check Pods Manifest.lock */ = {
			isa = PBXShellScriptBuildPhase;
			buildActionMask = 2147483647;
			files = (
			);
			inputPaths = (
			);
			name = "Check Pods Manifest.lock";
			outputPaths = (
			);
			runOnlyForDeploymentPostprocessing = 0;
			shellPath = /bin/sh;
			shellScript = "diff \"${PODS_ROOT}/../Podfile.lock\" \"${PODS_ROOT}/Manifest.lock\" > /dev/null\nif [[ $? != 0 ]] ; then\n    cat << EOM\nerror: The sandbox is not in sync with the Podfile.lock. Run 'pod install' or update your CocoaPods installation.\nEOM\n    exit 1\nfi\n";
			showEnvVarsInLog = 0;
		};
		5ED2BB650A72C6252E5CB33B /* Copy Pods Resources */ = {
			isa = PBXShellScriptBuildPhase;
			buildActionMask = 2147483647;
			files = (
			);
			inputPaths = (
			);
			name = "Copy Pods Resources";
			outputPaths = (
			);
			runOnlyForDeploymentPostprocessing = 0;
			shellPath = /bin/sh;
			shellScript = "\"${SRCROOT}/Pods/Target Support Files/Pods-REST apple/Pods-REST apple-resources.sh\"\n";
			showEnvVarsInLog = 0;
		};
		CCE5FA112752C9E0203E21FB /* Embed Pods Frameworks */ = {
			isa = PBXShellScriptBuildPhase;
			buildActionMask = 2147483647;
			files = (
			);
			inputPaths = (
			);
			name = "Embed Pods Frameworks";
			outputPaths = (
			);
			runOnlyForDeploymentPostprocessing = 0;
			shellPath = /bin/sh;
			shellScript = "\"${SRCROOT}/Pods/Target Support Files/Pods-REST apple/Pods-REST apple-frameworks.sh\"\n";
			showEnvVarsInLog = 0;
		};
/* End PBXShellScriptBuildPhase section */

/* Begin PBXSourcesBuildPhase section */
		B451A6451CAEBE3E00A37992 /* Sources */ = {
			isa = PBXSourcesBuildPhase;
			buildActionMask = 2147483647;
			files = (
				B44317871CB4428F0050F3B3 /* ArticlesTVC.swift in Sources */,
				B415C8191CB1675D00088FA8 /* APIManager.swift in Sources */,
				B48094E51CBAB70300037B94 /* ArticleDetailsViewController.swift in Sources */,
				B451A64F1CAEBE3E00A37992 /* ViewController.swift in Sources */,
				B441B7BB1CB9139E00A8F957 /* Articles.swift in Sources */,
				B451A64D1CAEBE3E00A37992 /* AppDelegate.swift in Sources */,
				B44317891CB461CF0050F3B3 /* ArticleCTVC.swift in Sources */,
				B415C8271CB1B42600088FA8 /* Reachability.m in Sources */,
				B415C81C1CB17F9E00088FA8 /* Constants.swift in Sources */,
			);
			runOnlyForDeploymentPostprocessing = 0;
		};
/* End PBXSourcesBuildPhase section */

/* Begin PBXVariantGroup section */
		B451A6501CAEBE3E00A37992 /* Main.storyboard */ = {
			isa = PBXVariantGroup;
			children = (
				B451A6511CAEBE3E00A37992 /* Base */,
			);
			name = Main.storyboard;
			sourceTree = "<group>";
		};
		B451A6551CAEBE3E00A37992 /* LaunchScreen.storyboard */ = {
			isa = PBXVariantGroup;
			children = (
				B451A6561CAEBE3E00A37992 /* Base */,
			);
			name = LaunchScreen.storyboard;
			sourceTree = "<group>";
		};
/* End PBXVariantGroup section */

/* Begin XCBuildConfiguration section */
		B451A6591CAEBE3E00A37992 /* Debug */ = {
			isa = XCBuildConfiguration;
			buildSettings = {
				ALWAYS_SEARCH_USER_PATHS = NO;
				CLANG_ANALYZER_NONNULL = YES;
				CLANG_CXX_LANGUAGE_STANDARD = "gnu++0x";
				CLANG_CXX_LIBRARY = "libc++";
				CLANG_ENABLE_MODULES = YES;
				CLANG_ENABLE_OBJC_ARC = YES;
				CLANG_WARN_BOOL_CONVERSION = YES;
				CLANG_WARN_CONSTANT_CONVERSION = YES;
				CLANG_WARN_DIRECT_OBJC_ISA_USAGE = YES_ERROR;
				CLANG_WARN_EMPTY_BODY = YES;
				CLANG_WARN_ENUM_CONVERSION = YES;
				CLANG_WARN_INT_CONVERSION = YES;
				CLANG_WARN_OBJC_ROOT_CLASS = YES_ERROR;
				CLANG_WARN_UNREACHABLE_CODE = YES;
				CLANG_WARN__DUPLICATE_METHOD_MATCH = YES;
				"CODE_SIGN_IDENTITY[sdk=iphoneos*]" = "iPhone Developer";
				COPY_PHASE_STRIP = NO;
				DEBUG_INFORMATION_FORMAT = dwarf;
				ENABLE_STRICT_OBJC_MSGSEND = YES;
				ENABLE_TESTABILITY = YES;
				GCC_C_LANGUAGE_STANDARD = gnu99;
				GCC_DYNAMIC_NO_PIC = NO;
				GCC_NO_COMMON_BLOCKS = YES;
				GCC_OPTIMIZATION_LEVEL = 0;
				GCC_PREPROCESSOR_DEFINITIONS = (
					"DEBUG=1",
					"$(inherited)",
				);
				GCC_WARN_64_TO_32_BIT_CONVERSION = YES;
				GCC_WARN_ABOUT_RETURN_TYPE = YES_ERROR;
				GCC_WARN_UNDECLARED_SELECTOR = YES;
				GCC_WARN_UNINITIALIZED_AUTOS = YES_AGGRESSIVE;
				GCC_WARN_UNUSED_FUNCTION = YES;
				GCC_WARN_UNUSED_VARIABLE = YES;
				IPHONEOS_DEPLOYMENT_TARGET = 9.3;
				MTL_ENABLE_DEBUG_INFO = YES;
				ONLY_ACTIVE_ARCH = YES;
				SDKROOT = iphoneos;
				SWIFT_OPTIMIZATION_LEVEL = "-Onone";
				TARGETED_DEVICE_FAMILY = "1,2";
			};
			name = Debug;
		};
		B451A65A1CAEBE3E00A37992 /* Release */ = {
			isa = XCBuildConfiguration;
			buildSettings = {
				ALWAYS_SEARCH_USER_PATHS = NO;
				CLANG_ANALYZER_NONNULL = YES;
				CLANG_CXX_LANGUAGE_STANDARD = "gnu++0x";
				CLANG_CXX_LIBRARY = "libc++";
				CLANG_ENABLE_MODULES = YES;
				CLANG_ENABLE_OBJC_ARC = YES;
				CLANG_WARN_BOOL_CONVERSION = YES;
				CLANG_WARN_CONSTANT_CONVERSION = YES;
				CLANG_WARN_DIRECT_OBJC_ISA_USAGE = YES_ERROR;
				CLANG_WARN_EMPTY_BODY = YES;
				CLANG_WARN_ENUM_CONVERSION = YES;
				CLANG_WARN_INT_CONVERSION = YES;
				CLANG_WARN_OBJC_ROOT_CLASS = YES_ERROR;
				CLANG_WARN_UNREACHABLE_CODE = YES;
				CLANG_WARN__DUPLICATE_METHOD_MATCH = YES;
				"CODE_SIGN_IDENTITY[sdk=iphoneos*]" = "iPhone Developer";
				COPY_PHASE_STRIP = NO;
				DEBUG_INFORMATION_FORMAT = "dwarf-with-dsym";
				ENABLE_NS_ASSERTIONS = NO;
				ENABLE_STRICT_OBJC_MSGSEND = YES;
				GCC_C_LANGUAGE_STANDARD = gnu99;
				GCC_NO_COMMON_BLOCKS = YES;
				GCC_WARN_64_TO_32_BIT_CONVERSION = YES;
				GCC_WARN_ABOUT_RETURN_TYPE = YES_ERROR;
				GCC_WARN_UNDECLARED_SELECTOR = YES;
				GCC_WARN_UNINITIALIZED_AUTOS = YES_AGGRESSIVE;
				GCC_WARN_UNUSED_FUNCTION = YES;
				GCC_WARN_UNUSED_VARIABLE = YES;
				IPHONEOS_DEPLOYMENT_TARGET = 9.3;
				MTL_ENABLE_DEBUG_INFO = NO;
				SDKROOT = iphoneos;
				TARGETED_DEVICE_FAMILY = "1,2";
				VALIDATE_PRODUCT = YES;
			};
			name = Release;
		};
		B451A65C1CAEBE3E00A37992 /* Debug */ = {
			isa = XCBuildConfiguration;
			baseConfigurationReference = 693DF99A9F9C436DDBEBDF82 /* Pods-REST apple.debug.xcconfig */;
			buildSettings = {
				ASSETCATALOG_COMPILER_APPICON_NAME = AppIcon;
				CLANG_ENABLE_MODULES = YES;
				CODE_SIGN_IDENTITY = "iPhone Developer";
				INFOPLIST_FILE = "REST apple/Info.plist";
				LD_RUNPATH_SEARCH_PATHS = "$(inherited) @executable_path/Frameworks";
				PRODUCT_BUNDLE_IDENTIFIER = "com.yoloabdo.REST-apple";
				PRODUCT_NAME = "$(TARGET_NAME)";
				SWIFT_OBJC_BRIDGING_HEADER = "REST apple/REST apple-Bridging-Header.h";
				SWIFT_OPTIMIZATION_LEVEL = "-Onone";
			};
			name = Debug;
		};
		B451A65D1CAEBE3E00A37992 /* Release */ = {
			isa = XCBuildConfiguration;
			baseConfigurationReference = 404F458EF006C8F03B3E0341 /* Pods-REST apple.release.xcconfig */;
			buildSettings = {
				ASSETCATALOG_COMPILER_APPICON_NAME = AppIcon;
				CLANG_ENABLE_MODULES = YES;
				CODE_SIGN_IDENTITY = "iPhone Developer";
				INFOPLIST_FILE = "REST apple/Info.plist";
				LD_RUNPATH_SEARCH_PATHS = "$(inherited) @executable_path/Frameworks";
				PRODUCT_BUNDLE_IDENTIFIER = "com.yoloabdo.REST-apple";
				PRODUCT_NAME = "$(TARGET_NAME)";
				SWIFT_OBJC_BRIDGING_HEADER = "REST apple/REST apple-Bridging-Header.h";
			};
			name = Release;
		};
/* End XCBuildConfiguration section */

/* Begin XCConfigurationList section */
		B451A6441CAEBE3E00A37992 /* Build configuration list for PBXProject "REST apple" */ = {
			isa = XCConfigurationList;
			buildConfigurations = (
				B451A6591CAEBE3E00A37992 /* Debug */,
				B451A65A1CAEBE3E00A37992 /* Release */,
			);
			defaultConfigurationIsVisible = 0;
			defaultConfigurationName = Release;
		};
		B451A65B1CAEBE3E00A37992 /* Build configuration list for PBXNativeTarget "REST apple" */ = {
			isa = XCConfigurationList;
			buildConfigurations = (
				B451A65C1CAEBE3E00A37992 /* Debug */,
				B451A65D1CAEBE3E00A37992 /* Release */,
			);
			defaultConfigurationIsVisible = 0;
			defaultConfigurationName = Release;
		};
/* End XCConfigurationList section */
	};
	rootObject = B451A6411CAEBE3E00A37992 /* Project object */;
}
